// !$*UTF8*$!
{
	archiveVersion = 1;
	classes = {
	};
	objectVersion = 52;
	objects = {

/* Begin PBXBuildFile section */
		B10F878E25C18D0700C8D41A /* Exporter.swift in Sources */ = {isa = PBXBuildFile; fileRef = B10F878D25C18D0700C8D41A /* Exporter.swift */; };
		B11EF75325C1681000845B59 /* SwiftSoup in Frameworks */ = {isa = PBXBuildFile; productRef = B11EF75225C1681000845B59 /* SwiftSoup */; };
		B11EF75625C1681900845B59 /* Scrapper.swift in Sources */ = {isa = PBXBuildFile; fileRef = B11EF75525C1681900845B59 /* Scrapper.swift */; };
		B11EF75A25C1723E00845B59 /* ContentViewModel.swift in Sources */ = {isa = PBXBuildFile; fileRef = B11EF75925C1723E00845B59 /* ContentViewModel.swift */; };
		B1948CC025C1674A0039AA71 /* BoardGameScrapperApp.swift in Sources */ = {isa = PBXBuildFile; fileRef = B1948CBF25C1674A0039AA71 /* BoardGameScrapperApp.swift */; };
		B1948CC225C1674A0039AA71 /* ContentView.swift in Sources */ = {isa = PBXBuildFile; fileRef = B1948CC125C1674A0039AA71 /* ContentView.swift */; };
		B1948CC425C1674E0039AA71 /* Assets.xcassets in Resources */ = {isa = PBXBuildFile; fileRef = B1948CC325C1674E0039AA71 /* Assets.xcassets */; };
		B1948CC725C1674E0039AA71 /* Preview Assets.xcassets in Resources */ = {isa = PBXBuildFile; fileRef = B1948CC625C1674E0039AA71 /* Preview Assets.xcassets */; };
		B1AFCCD725CACB76005E0633 /* StaloZaidimaiScrapper.swift in Sources */ = {isa = PBXBuildFile; fileRef = B1AFCCD625CACB76005E0633 /* StaloZaidimaiScrapper.swift */; };
		B1AFCCDC25CACB9E005E0633 /* Product.swift in Sources */ = {isa = PBXBuildFile; fileRef = B1AFCCDB25CACB9E005E0633 /* Product.swift */; };
		B1AFCCE125CACE6D005E0633 /* ProductUtilities.swift in Sources */ = {isa = PBXBuildFile; fileRef = B1AFCCE025CACE6D005E0633 /* ProductUtilities.swift */; };
		B1AFCCE525CAD5A4005E0633 /* ProductDetailsView.swift in Sources */ = {isa = PBXBuildFile; fileRef = B1AFCCE425CAD5A4005E0633 /* ProductDetailsView.swift */; };
/* End PBXBuildFile section */

/* Begin PBXFileReference section */
		B10F878D25C18D0700C8D41A /* Exporter.swift */ = {isa = PBXFileReference; lastKnownFileType = sourcecode.swift; path = Exporter.swift; sourceTree = "<group>"; };
		B11EF75525C1681900845B59 /* Scrapper.swift */ = {isa = PBXFileReference; lastKnownFileType = sourcecode.swift; path = Scrapper.swift; sourceTree = "<group>"; };
		B11EF75925C1723E00845B59 /* ContentViewModel.swift */ = {isa = PBXFileReference; lastKnownFileType = sourcecode.swift; path = ContentViewModel.swift; sourceTree = "<group>"; };
		B1948CBC25C1674A0039AA71 /* BoardGameScrapper.app */ = {isa = PBXFileReference; explicitFileType = wrapper.application; includeInIndex = 0; path = BoardGameScrapper.app; sourceTree = BUILT_PRODUCTS_DIR; };
		B1948CBF25C1674A0039AA71 /* BoardGameScrapperApp.swift */ = {isa = PBXFileReference; lastKnownFileType = sourcecode.swift; path = BoardGameScrapperApp.swift; sourceTree = "<group>"; };
		B1948CC125C1674A0039AA71 /* ContentView.swift */ = {isa = PBXFileReference; lastKnownFileType = sourcecode.swift; path = ContentView.swift; sourceTree = "<group>"; };
		B1948CC325C1674E0039AA71 /* Assets.xcassets */ = {isa = PBXFileReference; lastKnownFileType = folder.assetcatalog; path = Assets.xcassets; sourceTree = "<group>"; };
		B1948CC625C1674E0039AA71 /* Preview Assets.xcassets */ = {isa = PBXFileReference; lastKnownFileType = folder.assetcatalog; path = "Preview Assets.xcassets"; sourceTree = "<group>"; };
		B1948CC825C1674E0039AA71 /* Info.plist */ = {isa = PBXFileReference; lastKnownFileType = text.plist.xml; path = Info.plist; sourceTree = "<group>"; };
		B1948CC925C1674E0039AA71 /* BoardGameScrapper.entitlements */ = {isa = PBXFileReference; lastKnownFileType = text.plist.entitlements; path = BoardGameScrapper.entitlements; sourceTree = "<group>"; };
		B1AFCCD625CACB76005E0633 /* StaloZaidimaiScrapper.swift */ = {isa = PBXFileReference; lastKnownFileType = sourcecode.swift; path = StaloZaidimaiScrapper.swift; sourceTree = "<group>"; };
		B1AFCCDB25CACB9E005E0633 /* Product.swift */ = {isa = PBXFileReference; lastKnownFileType = sourcecode.swift; path = Product.swift; sourceTree = "<group>"; };
		B1AFCCE025CACE6D005E0633 /* ProductUtilities.swift */ = {isa = PBXFileReference; lastKnownFileType = sourcecode.swift; path = ProductUtilities.swift; sourceTree = "<group>"; };
		B1AFCCE425CAD5A4005E0633 /* ProductDetailsView.swift */ = {isa = PBXFileReference; lastKnownFileType = sourcecode.swift; path = ProductDetailsView.swift; sourceTree = "<group>"; };
/* End PBXFileReference section */

/* Begin PBXFrameworksBuildPhase section */
		B1948CB925C1674A0039AA71 /* Frameworks */ = {
			isa = PBXFrameworksBuildPhase;
			buildActionMask = 2147483647;
			files = (
				B11EF75325C1681000845B59 /* SwiftSoup in Frameworks */,
			);
			runOnlyForDeploymentPostprocessing = 0;
		};
/* End PBXFrameworksBuildPhase section */

/* Begin PBXGroup section */
		B11EF74E25C167E400845B59 /* Views */ = {
			isa = PBXGroup;
			children = (
				B1948CBF25C1674A0039AA71 /* BoardGameScrapperApp.swift */,
				B1948CC125C1674A0039AA71 /* ContentView.swift */,
				B1AFCCE425CAD5A4005E0633 /* ProductDetailsView.swift */,
			);
			path = Views;
			sourceTree = "<group>";
		};
		B11EF75025C167F200845B59 /* Models */ = {
			isa = PBXGroup;
			children = (
				B1AFCCD525CACB5C005E0633 /* Scrappers */,
				B11EF75525C1681900845B59 /* Scrapper.swift */,
				B10F878D25C18D0700C8D41A /* Exporter.swift */,
			);
			path = Models;
			sourceTree = "<group>";
		};
		B11EF75825C1722D00845B59 /* ViewModels */ = {
			isa = PBXGroup;
			children = (
				B11EF75925C1723E00845B59 /* ContentViewModel.swift */,
			);
			path = ViewModels;
			sourceTree = "<group>";
		};
		B1948CB325C1674A0039AA71 = {
			isa = PBXGroup;
			children = (
				B1948CBE25C1674A0039AA71 /* BoardGameScrapper */,
				B1948CBD25C1674A0039AA71 /* Products */,
			);
			sourceTree = "<group>";
		};
		B1948CBD25C1674A0039AA71 /* Products */ = {
			isa = PBXGroup;
			children = (
				B1948CBC25C1674A0039AA71 /* BoardGameScrapper.app */,
			);
			name = Products;
			sourceTree = "<group>";
		};
		B1948CBE25C1674A0039AA71 /* BoardGameScrapper */ = {
			isa = PBXGroup;
			children = (
				B1AFCCDF25CACE61005E0633 /* Utilities */,
				B1AFCCDA25CACB96005E0633 /* Entities */,
				B11EF75825C1722D00845B59 /* ViewModels */,
				B11EF75025C167F200845B59 /* Models */,
				B11EF74E25C167E400845B59 /* Views */,
				B1948CC325C1674E0039AA71 /* Assets.xcassets */,
				B1948CC825C1674E0039AA71 /* Info.plist */,
				B1948CC925C1674E0039AA71 /* BoardGameScrapper.entitlements */,
				B1948CC525C1674E0039AA71 /* Preview Content */,
			);
			path = BoardGameScrapper;
			sourceTree = "<group>";
		};
		B1948CC525C1674E0039AA71 /* Preview Content */ = {
			isa = PBXGroup;
			children = (
				B1948CC625C1674E0039AA71 /* Preview Assets.xcassets */,
			);
			path = "Preview Content";
			sourceTree = "<group>";
		};
		B1AFCCD525CACB5C005E0633 /* Scrappers */ = {
			isa = PBXGroup;
			children = (
				B1AFCCD625CACB76005E0633 /* StaloZaidimaiScrapper.swift */,
			);
			path = Scrappers;
			sourceTree = "<group>";
		};
		B1AFCCDA25CACB96005E0633 /* Entities */ = {
			isa = PBXGroup;
			children = (
				B1AFCCDB25CACB9E005E0633 /* Product.swift */,
			);
			path = Entities;
			sourceTree = "<group>";
		};
		B1AFCCDF25CACE61005E0633 /* Utilities */ = {
			isa = PBXGroup;
			children = (
				B1AFCCE025CACE6D005E0633 /* ProductUtilities.swift */,
			);
			path = Utilities;
			sourceTree = "<group>";
		};
/* End PBXGroup section */

/* Begin PBXNativeTarget section */
		B1948CBB25C1674A0039AA71 /* BoardGameScrapper */ = {
			isa = PBXNativeTarget;
			buildConfigurationList = B1948CCC25C1674E0039AA71 /* Build configuration list for PBXNativeTarget "BoardGameScrapper" */;
			buildPhases = (
				B1948CB825C1674A0039AA71 /* Sources */,
				B1948CB925C1674A0039AA71 /* Frameworks */,
				B1948CBA25C1674A0039AA71 /* Resources */,
			);
			buildRules = (
			);
			dependencies = (
			);
			name = BoardGameScrapper;
			packageProductDependencies = (
				B11EF75225C1681000845B59 /* SwiftSoup */,
			);
			productName = BoardGameScrapper;
			productReference = B1948CBC25C1674A0039AA71 /* BoardGameScrapper.app */;
			productType = "com.apple.product-type.application";
		};
/* End PBXNativeTarget section */

/* Begin PBXProject section */
		B1948CB425C1674A0039AA71 /* Project object */ = {
			isa = PBXProject;
			attributes = {
				LastSwiftUpdateCheck = 1230;
				LastUpgradeCheck = 1230;
				TargetAttributes = {
					B1948CBB25C1674A0039AA71 = {
						CreatedOnToolsVersion = 12.3;
					};
				};
			};
			buildConfigurationList = B1948CB725C1674A0039AA71 /* Build configuration list for PBXProject "BoardGameScrapper" */;
			compatibilityVersion = "Xcode 9.3";
			developmentRegion = en;
			hasScannedForEncodings = 0;
			knownRegions = (
				en,
				Base,
			);
			mainGroup = B1948CB325C1674A0039AA71;
			packageReferences = (
				B11EF75125C1681000845B59 /* XCRemoteSwiftPackageReference "SwiftSoup" */,
			);
			productRefGroup = B1948CBD25C1674A0039AA71 /* Products */;
			projectDirPath = "";
			projectRoot = "";
			targets = (
				B1948CBB25C1674A0039AA71 /* BoardGameScrapper */,
			);
		};
/* End PBXProject section */

/* Begin PBXResourcesBuildPhase section */
		B1948CBA25C1674A0039AA71 /* Resources */ = {
			isa = PBXResourcesBuildPhase;
			buildActionMask = 2147483647;
			files = (
				B1948CC725C1674E0039AA71 /* Preview Assets.xcassets in Resources */,
				B1948CC425C1674E0039AA71 /* Assets.xcassets in Resources */,
			);
			runOnlyForDeploymentPostprocessing = 0;
		};
/* End PBXResourcesBuildPhase section */

/* Begin PBXSourcesBuildPhase section */
		B1948CB825C1674A0039AA71 /* Sources */ = {
			isa = PBXSourcesBuildPhase;
			buildActionMask = 2147483647;
			files = (
				B11EF75A25C1723E00845B59 /* ContentViewModel.swift in Sources */,
				B1948CC225C1674A0039AA71 /* ContentView.swift in Sources */,
				B10F878E25C18D0700C8D41A /* Exporter.swift in Sources */,
				B11EF75625C1681900845B59 /* Scrapper.swift in Sources */,
				B1948CC025C1674A0039AA71 /* BoardGameScrapperApp.swift in Sources */,
				B1AFCCD725CACB76005E0633 /* StaloZaidimaiScrapper.swift in Sources */,
				B1AFCCE125CACE6D005E0633 /* ProductUtilities.swift in Sources */,
				B1AFCCDC25CACB9E005E0633 /* Product.swift in Sources */,
				B1AFCCE525CAD5A4005E0633 /* ProductDetailsView.swift in Sources */,
			);
			runOnlyForDeploymentPostprocessing = 0;
		};
/* End PBXSourcesBuildPhase section */

/* Begin XCBuildConfiguration section */
		B1948CCA25C1674E0039AA71 /* Debug */ = {
			isa = XCBuildConfiguration;
			buildSettings = {
				ALWAYS_SEARCH_USER_PATHS = NO;
				CLANG_ANALYZER_NONNULL = YES;
				CLANG_ANALYZER_NUMBER_OBJECT_CONVERSION = YES_AGGRESSIVE;
				CLANG_CXX_LANGUAGE_STANDARD = "gnu++14";
				CLANG_CXX_LIBRARY = "libc++";
				CLANG_ENABLE_MODULES = YES;
				CLANG_ENABLE_OBJC_ARC = YES;
				CLANG_ENABLE_OBJC_WEAK = YES;
				CLANG_WARN_BLOCK_CAPTURE_AUTORELEASING = YES;
				CLANG_WARN_BOOL_CONVERSION = YES;
				CLANG_WARN_COMMA = YES;
				CLANG_WARN_CONSTANT_CONVERSION = YES;
				CLANG_WARN_DEPRECATED_OBJC_IMPLEMENTATIONS = YES;
				CLANG_WARN_DIRECT_OBJC_ISA_USAGE = YES_ERROR;
				CLANG_WARN_DOCUMENTATION_COMMENTS = YES;
				CLANG_WARN_EMPTY_BODY = YES;
				CLANG_WARN_ENUM_CONVERSION = YES;
				CLANG_WARN_INFINITE_RECURSION = YES;
				CLANG_WARN_INT_CONVERSION = YES;
				CLANG_WARN_NON_LITERAL_NULL_CONVERSION = YES;
				CLANG_WARN_OBJC_IMPLICIT_RETAIN_SELF = YES;
				CLANG_WARN_OBJC_LITERAL_CONVERSION = YES;
				CLANG_WARN_OBJC_ROOT_CLASS = YES_ERROR;
				CLANG_WARN_QUOTED_INCLUDE_IN_FRAMEWORK_HEADER = YES;
				CLANG_WARN_RANGE_LOOP_ANALYSIS = YES;
				CLANG_WARN_STRICT_PROTOTYPES = YES;
				CLANG_WARN_SUSPICIOUS_MOVE = YES;
				CLANG_WARN_UNGUARDED_AVAILABILITY = YES_AGGRESSIVE;
				CLANG_WARN_UNREACHABLE_CODE = YES;
				CLANG_WARN__DUPLICATE_METHOD_MATCH = YES;
				COPY_PHASE_STRIP = NO;
				DEBUG_INFORMATION_FORMAT = dwarf;
				ENABLE_STRICT_OBJC_MSGSEND = YES;
				ENABLE_TESTABILITY = YES;
				GCC_C_LANGUAGE_STANDARD = gnu11;
				GCC_DYNAMIC_NO_PIC = NO;
				GCC_NO_COMMON_BLOCKS = YES;
				GCC_OPTIMIZATION_LEVEL = 0;
				GCC_PREPROCESSOR_DEFINITIONS = (
					"DEBUG=1",
					"$(inherited)",
				);
				GCC_WARN_64_TO_32_BIT_CONVERSION = YES;
				GCC_WARN_ABOUT_RETURN_TYPE = YES_ERROR;
				GCC_WARN_UNDECLARED_SELECTOR = YES;
				GCC_WARN_UNINITIALIZED_AUTOS = YES_AGGRESSIVE;
				GCC_WARN_UNUSED_FUNCTION = YES;
				GCC_WARN_UNUSED_VARIABLE = YES;
				MACOSX_DEPLOYMENT_TARGET = 11.1;
				MTL_ENABLE_DEBUG_INFO = INCLUDE_SOURCE;
				MTL_FAST_MATH = YES;
				ONLY_ACTIVE_ARCH = YES;
				SDKROOT = macosx;
				SWIFT_ACTIVE_COMPILATION_CONDITIONS = DEBUG;
				SWIFT_OPTIMIZATION_LEVEL = "-Onone";
			};
			name = Debug;
		};
		B1948CCB25C1674E0039AA71 /* Release */ = {
			isa = XCBuildConfiguration;
			buildSettings = {
				ALWAYS_SEARCH_USER_PATHS = NO;
				CLANG_ANALYZER_NONNULL = YES;
				CLANG_ANALYZER_NUMBER_OBJECT_CONVERSION = YES_AGGRESSIVE;
				CLANG_CXX_LANGUAGE_STANDARD = "gnu++14";
				CLANG_CXX_LIBRARY = "libc++";
				CLANG_ENABLE_MODULES = YES;
				CLANG_ENABLE_OBJC_ARC = YES;
				CLANG_ENABLE_OBJC_WEAK = YES;
				CLANG_WARN_BLOCK_CAPTURE_AUTORELEASING = YES;
				CLANG_WARN_BOOL_CONVERSION = YES;
				CLANG_WARN_COMMA = YES;
				CLANG_WARN_CONSTANT_CONVERSION = YES;
				CLANG_WARN_DEPRECATED_OBJC_IMPLEMENTATIONS = YES;
				CLANG_WARN_DIRECT_OBJC_ISA_USAGE = YES_ERROR;
				CLANG_WARN_DOCUMENTATION_COMMENTS = YES;
				CLANG_WARN_EMPTY_BODY = YES;
				CLANG_WARN_ENUM_CONVERSION = YES;
				CLANG_WARN_INFINITE_RECURSION = YES;
				CLANG_WARN_INT_CONVERSION = YES;
				CLANG_WARN_NON_LITERAL_NULL_CONVERSION = YES;
				CLANG_WARN_OBJC_IMPLICIT_RETAIN_SELF = YES;
				CLANG_WARN_OBJC_LITERAL_CONVERSION = YES;
				CLANG_WARN_OBJC_ROOT_CLASS = YES_ERROR;
				CLANG_WARN_QUOTED_INCLUDE_IN_FRAMEWORK_HEADER = YES;
				CLANG_WARN_RANGE_LOOP_ANALYSIS = YES;
				CLANG_WARN_STRICT_PROTOTYPES = YES;
				CLANG_WARN_SUSPICIOUS_MOVE = YES;
				CLANG_WARN_UNGUARDED_AVAILABILITY = YES_AGGRESSIVE;
				CLANG_WARN_UNREACHABLE_CODE = YES;
				CLANG_WARN__DUPLICATE_METHOD_MATCH = YES;
				COPY_PHASE_STRIP = NO;
				DEBUG_INFORMATION_FORMAT = "dwarf-with-dsym";
				ENABLE_NS_ASSERTIONS = NO;
				ENABLE_STRICT_OBJC_MSGSEND = YES;
				GCC_C_LANGUAGE_STANDARD = gnu11;
				GCC_NO_COMMON_BLOCKS = YES;
				GCC_WARN_64_TO_32_BIT_CONVERSION = YES;
				GCC_WARN_ABOUT_RETURN_TYPE = YES_ERROR;
				GCC_WARN_UNDECLARED_SELECTOR = YES;
				GCC_WARN_UNINITIALIZED_AUTOS = YES_AGGRESSIVE;
				GCC_WARN_UNUSED_FUNCTION = YES;
				GCC_WARN_UNUSED_VARIABLE = YES;
				MACOSX_DEPLOYMENT_TARGET = 11.1;
				MTL_ENABLE_DEBUG_INFO = NO;
				MTL_FAST_MATH = YES;
				SDKROOT = macosx;
				SWIFT_COMPILATION_MODE = wholemodule;
				SWIFT_OPTIMIZATION_LEVEL = "-O";
			};
			name = Release;
		};
		B1948CCD25C1674E0039AA71 /* Debug */ = {
			isa = XCBuildConfiguration;
			buildSettings = {
				ASSETCATALOG_COMPILER_APPICON_NAME = AppIcon;
				ASSETCATALOG_COMPILER_GLOBAL_ACCENT_COLOR_NAME = AccentColor;
				CODE_SIGN_ENTITLEMENTS = BoardGameScrapper/BoardGameScrapper.entitlements;
				CODE_SIGN_STYLE = Automatic;
				COMBINE_HIDPI_IMAGES = YES;
				DEVELOPMENT_ASSET_PATHS = "\"BoardGameScrapper/Preview Content\"";
				DEVELOPMENT_TEAM = 6NWE5EW54P;
				ENABLE_HARDENED_RUNTIME = YES;
				ENABLE_PREVIEWS = YES;
				INFOPLIST_FILE = BoardGameScrapper/Info.plist;
				LD_RUNPATH_SEARCH_PATHS = (
					"$(inherited)",
					"@executable_path/../Frameworks",
				);
				MACOSX_DEPLOYMENT_TARGET = 11.0;
				PRODUCT_BUNDLE_IDENTIFIER = com.AurochsCross.BoardGameScrapper;
				PRODUCT_NAME = "$(TARGET_NAME)";
				SWIFT_VERSION = 5.0;
			};
			name = Debug;
		};
		B1948CCE25C1674E0039AA71 /* Release */ = {
			isa = XCBuildConfiguration;
			buildSettings = {
				ASSETCATALOG_COMPILER_APPICON_NAME = AppIcon;
				ASSETCATALOG_COMPILER_GLOBAL_ACCENT_COLOR_NAME = AccentColor;
				CODE_SIGN_ENTITLEMENTS = BoardGameScrapper/BoardGameScrapper.entitlements;
				CODE_SIGN_STYLE = Automatic;
				COMBINE_HIDPI_IMAGES = YES;
				DEVELOPMENT_ASSET_PATHS = "\"BoardGameScrapper/Preview Content\"";
				DEVELOPMENT_TEAM = 6NWE5EW54P;
				ENABLE_HARDENED_RUNTIME = YES;
				ENABLE_PREVIEWS = YES;
				INFOPLIST_FILE = BoardGameScrapper/Info.plist;
				LD_RUNPATH_SEARCH_PATHS = (
					"$(inherited)",
					"@executable_path/../Frameworks",
				);
				MACOSX_DEPLOYMENT_TARGET = 11.0;
				PRODUCT_BUNDLE_IDENTIFIER = com.AurochsCross.BoardGameScrapper;
				PRODUCT_NAME = "$(TARGET_NAME)";
				SWIFT_VERSION = 5.0;
			};
			name = Release;
		};
/* End XCBuildConfiguration section */

/* Begin XCConfigurationList section */
		B1948CB725C1674A0039AA71 /* Build configuration list for PBXProject "BoardGameScrapper" */ = {
			isa = XCConfigurationList;
			buildConfigurations = (
				B1948CCA25C1674E0039AA71 /* Debug */,
				B1948CCB25C1674E0039AA71 /* Release */,
			);
			defaultConfigurationIsVisible = 0;
			defaultConfigurationName = Release;
		};
		B1948CCC25C1674E0039AA71 /* Build configuration list for PBXNativeTarget "BoardGameScrapper" */ = {
			isa = XCConfigurationList;
			buildConfigurations = (
				B1948CCD25C1674E0039AA71 /* Debug */,
				B1948CCE25C1674E0039AA71 /* Release */,
			);
			defaultConfigurationIsVisible = 0;
			defaultConfigurationName = Release;
		};
/* End XCConfigurationList section */

/* Begin XCRemoteSwiftPackageReference section */
		B11EF75125C1681000845B59 /* XCRemoteSwiftPackageReference "SwiftSoup" */ = {
			isa = XCRemoteSwiftPackageReference;
			repositoryURL = "https://github.com/scinfu/SwiftSoup";
			requirement = {
				kind = upToNextMajorVersion;
				minimumVersion = 2.3.2;
			};
		};
/* End XCRemoteSwiftPackageReference section */

/* Begin XCSwiftPackageProductDependency section */
		B11EF75225C1681000845B59 /* SwiftSoup */ = {
			isa = XCSwiftPackageProductDependency;
			package = B11EF75125C1681000845B59 /* XCRemoteSwiftPackageReference "SwiftSoup" */;
			productName = SwiftSoup;
		};
/* End XCSwiftPackageProductDependency section */
	};
	rootObject = B1948CB425C1674A0039AA71 /* Project object */;
}
